
Microsoft Visual Studio Solution File, Format Version 12.00
# Visual Studio Version 17
VisualStudioVersion = 17.8.34330.188
MinimumVisualStudioVersion = 10.0.40219.1
Project("{9A19103F-16F7-4668-BE54-9A1E7A4F7556}") = "WebAPI", "WebAPI\WebAPI.csproj", "{EAB0F67E-1B94-473A-ABF9-88B33DC39314}"
EndProject
Project("{9A19103F-16F7-4668-BE54-9A1E7A4F7556}") = "DAL", "DAL\DAL.csproj", "{C781DC94-A44E-4AD7-8EFC-C8A1742F9958}"
EndProject
Project("{FAE04EC0-301F-11D3-BF4B-00C04F79EFBC}") = "BLL", "BLL\BLL.csproj", "{950BCE43-A576-4275-8596-5C078F35C5B6}"
EndProject
Global
	GlobalSection(SolutionConfigurationPlatforms) = preSolution
		Debug|Any CPU = Debug|Any CPU
		Release|Any CPU = Release|Any CPU
	EndGlobalSection
	GlobalSection(ProjectConfigurationPlatforms) = postSolution
		{EAB0F67E-1B94-473A-ABF9-88B33DC39314}.Debug|Any CPU.ActiveCfg = Debug|Any CPU
		{EAB0F67E-1B94-473A-ABF9-88B33DC39314}.Debug|Any CPU.Build.0 = Debug|Any CPU
		{EAB0F67E-1B94-473A-ABF9-88B33DC39314}.Release|Any CPU.ActiveCfg = Release|Any CPU
		{EAB0F67E-1B94-473A-ABF9-88B33DC39314}.Release|Any CPU.Build.0 = Release|Any CPU
		{C781DC94-A44E-4AD7-8EFC-C8A1742F9958}.Debug|Any CPU.ActiveCfg = Debug|Any CPU
		{C781DC94-A44E-4AD7-8EFC-C8A1742F9958}.Debug|Any CPU.Build.0 = Debug|Any CPU
		{C781DC94-A44E-4AD7-8EFC-C8A1742F9958}.Release|Any CPU.ActiveCfg = Release|Any CPU
		{C781DC94-A44E-4AD7-8EFC-C8A1742F9958}.Release|Any CPU.Build.0 = Release|Any CPU
		{950BCE43-A576-4275-8596-5C078F35C5B6}.Debug|Any CPU.ActiveCfg = Debug|Any CPU
		{950BCE43-A576-4275-8596-5C078F35C5B6}.Debug|Any CPU.Build.0 = Debug|Any CPU
		{950BCE43-A576-4275-8596-5C078F35C5B6}.Release|Any CPU.ActiveCfg = Release|Any CPU
		{950BCE43-A576-4275-8596-5C078F35C5B6}.Release|Any CPU.Build.0 = Release|Any CPU
	EndGlobalSection
	GlobalSection(SolutionProperties) = preSolution
		HideSolutionNode = FALSE
	EndGlobalSection
	GlobalSection(ExtensibilityGlobals) = postSolution
		SolutionGuid = {0D919729-D7DA-4193-A2DB-2BCBF9828BD5}
	EndGlobalSection
EndGlobal
